// !$*UTF8*$!
{
	archiveVersion = 1;
	classes = {
	};
	objectVersion = 46;
	objects = {

/* Begin PBXBuildFile section */
		D2142C5A1BE363FE00F8B8BF /* HFDigestHelper.m in Sources */ = {isa = PBXBuildFile; fileRef = D2142C591BE363FE00F8B8BF /* HFDigestHelper.m */; settings = {ASSET_TAGS = (); }; };
		D21D3DD31BEB004800202FA9 /* HFHttpRequest.m in Sources */ = {isa = PBXBuildFile; fileRef = D21D3DD21BEB004800202FA9 /* HFHttpRequest.m */; settings = {ASSET_TAGS = (); }; };
		D239D1021BE1FE3C0081A973 /* HFFileUtil.m in Sources */ = {isa = PBXBuildFile; fileRef = D239D1011BE1FE3C0081A973 /* HFFileUtil.m */; settings = {ASSET_TAGS = (); }; };
		D239D10B1BE2008A0081A973 /* HFDirectoryUtil.m in Sources */ = {isa = PBXBuildFile; fileRef = D239D10A1BE2008A0081A973 /* HFDirectoryUtil.m */; settings = {ASSET_TAGS = (); }; };
		D23DB1DC1C046D9C00101E04 /* HFCompressHelper.m in Sources */ = {isa = PBXBuildFile; fileRef = D23DB1DB1C046D9C00101E04 /* HFCompressHelper.m */; settings = {ASSET_TAGS = (); }; };
		D23DB1EC1C0471B300101E04 /* HFANRDetection.m in Sources */ = {isa = PBXBuildFile; fileRef = D23DB1E91C0471B300101E04 /* HFANRDetection.m */; settings = {ASSET_TAGS = (); }; };
		D23DB1ED1C0471B300101E04 /* HFNetworkMonitor.m in Sources */ = {isa = PBXBuildFile; fileRef = D23DB1EA1C0471B300101E04 /* HFNetworkMonitor.m */; settings = {ASSET_TAGS = (); }; };
		D2534E331BF1F3580001A9F6 /* HFEncodeHelper.m in Sources */ = {isa = PBXBuildFile; fileRef = D2534E321BF1F3580001A9F6 /* HFEncodeHelper.m */; settings = {ASSET_TAGS = (); }; };
		D287571D1BECA82100FB728F /* HFHttpParam.m in Sources */ = {isa = PBXBuildFile; fileRef = D287571C1BECA82100FB728F /* HFHttpParam.m */; settings = {ASSET_TAGS = (); }; };
		D292EFAB1BFEF6DE00D79BF4 /* HFRandomUtil.m in Sources */ = {isa = PBXBuildFile; fileRef = D292EFAA1BFEF6DE00D79BF4 /* HFRandomUtil.m */; settings = {ASSET_TAGS = (); }; };
		D29BDAEE1B666C6E006F18B8 /* HFToolKit.m in Sources */ = {isa = PBXBuildFile; fileRef = D29BDAED1B666C6E006F18B8 /* HFToolKit.m */; };
		D29BDAF41B666C6E006F18B8 /* libHFToolKit.a in Frameworks */ = {isa = PBXBuildFile; fileRef = D29BDAE81B666C6E006F18B8 /* libHFToolKit.a */; };
		D2CB08F21BC8FCD800B7A761 /* HFLogUtil.m in Sources */ = {isa = PBXBuildFile; fileRef = D2CB08F11BC8FCD800B7A761 /* HFLogUtil.m */; settings = {ASSET_TAGS = (); }; };
		D2CB08F71BC9050600B7A761 /* HFLogTypes.m in Sources */ = {isa = PBXBuildFile; fileRef = D2CB08F61BC9050600B7A761 /* HFLogTypes.m */; settings = {ASSET_TAGS = (); }; };
		D2CB08FE1BC909C300B7A761 /* HFLogStdOutWriter.m in Sources */ = {isa = PBXBuildFile; fileRef = D2CB08FD1BC909C300B7A761 /* HFLogStdOutWriter.m */; settings = {ASSET_TAGS = (); }; };
		D2CB09011BC909D300B7A761 /* HFLogFileWriter.m in Sources */ = {isa = PBXBuildFile; fileRef = D2CB09001BC909D300B7A761 /* HFLogFileWriter.m */; settings = {ASSET_TAGS = (); }; };
		D2DE60DB1BCBA0E6003A61EB /* NSDate+DisplayString.m in Sources */ = {isa = PBXBuildFile; fileRef = D2DE60DA1BCBA0E6003A61EB /* NSDate+DisplayString.m */; settings = {ASSET_TAGS = (); }; };
		D2DE60DF1BCBAC87003A61EB /* HFDeviceUtil.m in Sources */ = {isa = PBXBuildFile; fileRef = D2DE60DE1BCBAC87003A61EB /* HFDeviceUtil.m */; settings = {ASSET_TAGS = (); }; };
		D2DE60E21BCBACA1003A61EB /* HFSystemUtil.m in Sources */ = {isa = PBXBuildFile; fileRef = D2DE60E11BCBACA1003A61EB /* HFSystemUtil.m */; settings = {ASSET_TAGS = (); }; };
		D2DE60E51BCBACBE003A61EB /* HFAppHelper.m in Sources */ = {isa = PBXBuildFile; fileRef = D2DE60E41BCBACBE003A61EB /* HFAppHelper.m */; settings = {ASSET_TAGS = (); }; };
		D2F815081BE7722800CF500B /* HFTaskBase.m in Sources */ = {isa = PBXBuildFile; fileRef = D2F815071BE7722800CF500B /* HFTaskBase.m */; settings = {ASSET_TAGS = (); }; };
		D2F8150B1BE7723400CF500B /* HFTaskQueue.m in Sources */ = {isa = PBXBuildFile; fileRef = D2F8150A1BE7723400CF500B /* HFTaskQueue.m */; settings = {ASSET_TAGS = (); }; };
		D2F815181BE7730E00CF500B /* HFHttpQueue.m in Sources */ = {isa = PBXBuildFile; fileRef = D2F815161BE7730E00CF500B /* HFHttpQueue.m */; settings = {ASSET_TAGS = (); }; };
/* End PBXBuildFile section */

/* Begin PBXContainerItemProxy section */
		D29BDAF51B666C6E006F18B8 /* PBXContainerItemProxy */ = {
			isa = PBXContainerItemProxy;
			containerPortal = D29BDAE01B666C6E006F18B8 /* Project object */;
			proxyType = 1;
			remoteGlobalIDString = D29BDAE71B666C6E006F18B8;
			remoteInfo = HFToolKit;
		};
/* End PBXContainerItemProxy section */

/* Begin PBXCopyFilesBuildPhase section */
		D29BDAE61B666C6E006F18B8 /* CopyFiles */ = {
			isa = PBXCopyFilesBuildPhase;
			buildActionMask = 2147483647;
			dstPath = "include/$(PRODUCT_NAME)";
			dstSubfolderSpec = 16;
			files = (
			);
			runOnlyForDeploymentPostprocessing = 0;
		};
/* End PBXCopyFilesBuildPhase section */

/* Begin PBXFileReference section */
		D2142C591BE363FE00F8B8BF /* HFDigestHelper.m */ = {isa = PBXFileReference; fileEncoding = 4; lastKnownFileType = sourcecode.c.objc; path = HFDigestHelper.m; sourceTree = "<group>"; };
		D2142C5B1BE3642000F8B8BF /* HFDigestHelper.h */ = {isa = PBXFileReference; fileEncoding = 4; lastKnownFileType = sourcecode.c.h; path = HFDigestHelper.h; sourceTree = "<group>"; };
		D21D3DCF1BEB002F00202FA9 /* HFHttpRequest.h */ = {isa = PBXFileReference; fileEncoding = 4; lastKnownFileType = sourcecode.c.h; path = HFHttpRequest.h; sourceTree = "<group>"; };
		D21D3DD21BEB004800202FA9 /* HFHttpRequest.m */ = {isa = PBXFileReference; fileEncoding = 4; lastKnownFileType = sourcecode.c.objc; path = HFHttpRequest.m; sourceTree = "<group>"; };
		D21D3DD41BEB038100202FA9 /* HFHttpTypes.h */ = {isa = PBXFileReference; lastKnownFileType = sourcecode.c.h; path = HFHttpTypes.h; sourceTree = "<group>"; };
		D239D1011BE1FE3C0081A973 /* HFFileUtil.m */ = {isa = PBXFileReference; fileEncoding = 4; lastKnownFileType = sourcecode.c.objc; path = HFFileUtil.m; sourceTree = "<group>"; };
		D239D10A1BE2008A0081A973 /* HFDirectoryUtil.m */ = {isa = PBXFileReference; fileEncoding = 4; lastKnownFileType = sourcecode.c.objc; path = HFDirectoryUtil.m; sourceTree = "<group>"; };
		D239D10D1BE209DD0081A973 /* HFDirectoryUtil.h */ = {isa = PBXFileReference; fileEncoding = 4; lastKnownFileType = sourcecode.c.h; path = HFDirectoryUtil.h; sourceTree = "<group>"; };
		D239D10E1BE209DD0081A973 /* HFFileUtil.h */ = {isa = PBXFileReference; fileEncoding = 4; lastKnownFileType = sourcecode.c.h; path = HFFileUtil.h; sourceTree = "<group>"; };
		D239D1101BE209DD0081A973 /* HFAppHelper.h */ = {isa = PBXFileReference; fileEncoding = 4; lastKnownFileType = sourcecode.c.h; path = HFAppHelper.h; sourceTree = "<group>"; };
		D239D1111BE209DD0081A973 /* HFDeviceUtil.h */ = {isa = PBXFileReference; fileEncoding = 4; lastKnownFileType = sourcecode.c.h; path = HFDeviceUtil.h; sourceTree = "<group>"; };
		D239D1121BE209DD0081A973 /* HFSystemUtil.h */ = {isa = PBXFileReference; fileEncoding = 4; lastKnownFileType = sourcecode.c.h; path = HFSystemUtil.h; sourceTree = "<group>"; };
		D23DB1D91C046D7B00101E04 /* HFCompressHelper.h */ = {isa = PBXFileReference; fileEncoding = 4; lastKnownFileType = sourcecode.c.h; path = HFCompressHelper.h; sourceTree = "<group>"; };
		D23DB1DB1C046D9C00101E04 /* HFCompressHelper.m */ = {isa = PBXFileReference; fileEncoding = 4; lastKnownFileType = sourcecode.c.objc; path = HFCompressHelper.m; sourceTree = "<group>"; };
		D23DB1E31C04717500101E04 /* HFANRDetection.h */ = {isa = PBXFileReference; fileEncoding = 4; lastKnownFileType = sourcecode.c.h; path = HFANRDetection.h; sourceTree = "<group>"; };
		D23DB1E41C04717500101E04 /* HFNetworkMonitor.h */ = {isa = PBXFileReference; fileEncoding = 4; lastKnownFileType = sourcecode.c.h; path = HFNetworkMonitor.h; sourceTree = "<group>"; };
		D23DB1E91C0471B300101E04 /* HFANRDetection.m */ = {isa = PBXFileReference; fileEncoding = 4; lastKnownFileType = sourcecode.c.objc; path = HFANRDetection.m; sourceTree = "<group>"; };
		D23DB1EA1C0471B300101E04 /* HFNetworkMonitor.m */ = {isa = PBXFileReference; fileEncoding = 4; lastKnownFileType = sourcecode.c.objc; path = HFNetworkMonitor.m; sourceTree = "<group>"; };
		D2534E321BF1F3580001A9F6 /* HFEncodeHelper.m */ = {isa = PBXFileReference; fileEncoding = 4; lastKnownFileType = sourcecode.c.objc; path = HFEncodeHelper.m; sourceTree = "<group>"; };
		D2534E341BF1F3780001A9F6 /* HFEncodeHelper.h */ = {isa = PBXFileReference; fileEncoding = 4; lastKnownFileType = sourcecode.c.h; path = HFEncodeHelper.h; sourceTree = "<group>"; };
		D284D7B51BCD0135003808E2 /* HFInnerLog.h */ = {isa = PBXFileReference; fileEncoding = 4; lastKnownFileType = sourcecode.c.h; path = HFInnerLog.h; sourceTree = "<group>"; };
		D28757191BECA80100FB728F /* HFHttpParam.h */ = {isa = PBXFileReference; fileEncoding = 4; lastKnownFileType = sourcecode.c.h; path = HFHttpParam.h; sourceTree = "<group>"; };
		D287571C1BECA82100FB728F /* HFHttpParam.m */ = {isa = PBXFileReference; fileEncoding = 4; lastKnownFileType = sourcecode.c.objc; path = HFHttpParam.m; sourceTree = "<group>"; };
		D292EFAA1BFEF6DE00D79BF4 /* HFRandomUtil.m */ = {isa = PBXFileReference; fileEncoding = 4; lastKnownFileType = sourcecode.c.objc; path = HFRandomUtil.m; sourceTree = "<group>"; };
		D292EFAC1BFEF70600D79BF4 /* HFRandomUtil.h */ = {isa = PBXFileReference; fileEncoding = 4; lastKnownFileType = sourcecode.c.h; path = HFRandomUtil.h; sourceTree = "<group>"; };
		D29BDAE81B666C6E006F18B8 /* libHFToolKit.a */ = {isa = PBXFileReference; explicitFileType = archive.ar; includeInIndex = 0; path = libHFToolKit.a; sourceTree = BUILT_PRODUCTS_DIR; };
		D29BDAED1B666C6E006F18B8 /* HFToolKit.m */ = {isa = PBXFileReference; lastKnownFileType = sourcecode.c.objc; path = HFToolKit.m; sourceTree = "<group>"; };
		D29BDAF31B666C6E006F18B8 /* HFToolKitTests.xctest */ = {isa = PBXFileReference; explicitFileType = wrapper.cfbundle; includeInIndex = 0; path = HFToolKitTests.xctest; sourceTree = BUILT_PRODUCTS_DIR; };
		D29BDAF91B666C6E006F18B8 /* Info.plist */ = {isa = PBXFileReference; lastKnownFileType = text.plist.xml; path = Info.plist; sourceTree = "<group>"; };
		D29BDB031B666D2D006F18B8 /* HFToolKit-Info.plist */ = {isa = PBXFileReference; fileEncoding = 4; lastKnownFileType = text.plist.xml; path = "HFToolKit-Info.plist"; sourceTree = "<group>"; };
		D29BDB041B666D93006F18B8 /* HFToolKit-Prefix.pch */ = {isa = PBXFileReference; lastKnownFileType = sourcecode.c.h; path = "HFToolKit-Prefix.pch"; sourceTree = "<group>"; };
		D29BDB061B6671AB006F18B8 /* HFToolKit.h */ = {isa = PBXFileReference; fileEncoding = 4; lastKnownFileType = sourcecode.c.h; path = HFToolKit.h; sourceTree = "<group>"; };
		D2CB08EE1BC8F3B100B7A761 /* HFLogUtil.h */ = {isa = PBXFileReference; fileEncoding = 4; lastKnownFileType = sourcecode.c.h; path = HFLogUtil.h; sourceTree = "<group>"; };
		D2CB08F11BC8FCD800B7A761 /* HFLogUtil.m */ = {isa = PBXFileReference; fileEncoding = 4; lastKnownFileType = sourcecode.c.objc; path = HFLogUtil.m; sourceTree = "<group>"; };
		D2CB08F61BC9050600B7A761 /* HFLogTypes.m */ = {isa = PBXFileReference; fileEncoding = 4; lastKnownFileType = sourcecode.c.objc; path = HFLogTypes.m; sourceTree = "<group>"; };
		D2CB08F81BC9061100B7A761 /* HFLogTypes.h */ = {isa = PBXFileReference; fileEncoding = 4; lastKnownFileType = sourcecode.c.h; path = HFLogTypes.h; sourceTree = "<group>"; };
		D2CB08FC1BC909C300B7A761 /* HFLogStdOutWriter.h */ = {isa = PBXFileReference; fileEncoding = 4; lastKnownFileType = sourcecode.c.h; path = HFLogStdOutWriter.h; sourceTree = "<group>"; };
		D2CB08FD1BC909C300B7A761 /* HFLogStdOutWriter.m */ = {isa = PBXFileReference; fileEncoding = 4; lastKnownFileType = sourcecode.c.objc; path = HFLogStdOutWriter.m; sourceTree = "<group>"; };
		D2CB08FF1BC909D300B7A761 /* HFLogFileWriter.h */ = {isa = PBXFileReference; fileEncoding = 4; lastKnownFileType = sourcecode.c.h; path = HFLogFileWriter.h; sourceTree = "<group>"; };
		D2CB09001BC909D300B7A761 /* HFLogFileWriter.m */ = {isa = PBXFileReference; fileEncoding = 4; lastKnownFileType = sourcecode.c.objc; path = HFLogFileWriter.m; sourceTree = "<group>"; };
		D2CB09081BC90E0F00B7A761 /* HFCommon.h */ = {isa = PBXFileReference; fileEncoding = 4; lastKnownFileType = sourcecode.c.h; path = HFCommon.h; sourceTree = "<group>"; };
		D2DE60D91BCBA0E6003A61EB /* NSDate+DisplayString.h */ = {isa = PBXFileReference; fileEncoding = 4; lastKnownFileType = sourcecode.c.h; path = "NSDate+DisplayString.h"; sourceTree = "<group>"; };
		D2DE60DA1BCBA0E6003A61EB /* NSDate+DisplayString.m */ = {isa = PBXFileReference; fileEncoding = 4; lastKnownFileType = sourcecode.c.objc; path = "NSDate+DisplayString.m"; sourceTree = "<group>"; };
		D2DE60DE1BCBAC87003A61EB /* HFDeviceUtil.m */ = {isa = PBXFileReference; fileEncoding = 4; lastKnownFileType = sourcecode.c.objc; path = HFDeviceUtil.m; sourceTree = "<group>"; };
		D2DE60E11BCBACA1003A61EB /* HFSystemUtil.m */ = {isa = PBXFileReference; fileEncoding = 4; lastKnownFileType = sourcecode.c.objc; path = HFSystemUtil.m; sourceTree = "<group>"; };
		D2DE60E41BCBACBE003A61EB /* HFAppHelper.m */ = {isa = PBXFileReference; fileEncoding = 4; lastKnownFileType = sourcecode.c.objc; path = HFAppHelper.m; sourceTree = "<group>"; };
		D2F815071BE7722800CF500B /* HFTaskBase.m */ = {isa = PBXFileReference; fileEncoding = 4; lastKnownFileType = sourcecode.c.objc; path = HFTaskBase.m; sourceTree = "<group>"; };
		D2F8150A1BE7723400CF500B /* HFTaskQueue.m */ = {isa = PBXFileReference; fileEncoding = 4; lastKnownFileType = sourcecode.c.objc; path = HFTaskQueue.m; sourceTree = "<group>"; };
		D2F8150C1BE7725600CF500B /* HFTaskBase.h */ = {isa = PBXFileReference; fileEncoding = 4; lastKnownFileType = sourcecode.c.h; path = HFTaskBase.h; sourceTree = "<group>"; };
		D2F8150D1BE7725600CF500B /* HFTaskQueue.h */ = {isa = PBXFileReference; fileEncoding = 4; lastKnownFileType = sourcecode.c.h; path = HFTaskQueue.h; sourceTree = "<group>"; };
		D2F815141BE7730000CF500B /* HFHttpQueue.h */ = {isa = PBXFileReference; fileEncoding = 4; lastKnownFileType = sourcecode.c.h; path = HFHttpQueue.h; sourceTree = "<group>"; };
		D2F815161BE7730E00CF500B /* HFHttpQueue.m */ = {isa = PBXFileReference; fileEncoding = 4; lastKnownFileType = sourcecode.c.objc; path = HFHttpQueue.m; sourceTree = "<group>"; };
/* End PBXFileReference section */

/* Begin PBXFrameworksBuildPhase section */
		D29BDAE51B666C6E006F18B8 /* Frameworks */ = {
			isa = PBXFrameworksBuildPhase;
			buildActionMask = 2147483647;
			files = (
			);
			runOnlyForDeploymentPostprocessing = 0;
		};
		D29BDAF01B666C6E006F18B8 /* Frameworks */ = {
			isa = PBXFrameworksBuildPhase;
			buildActionMask = 2147483647;
			files = (
				D29BDAF41B666C6E006F18B8 /* libHFToolKit.a in Frameworks */,
			);
			runOnlyForDeploymentPostprocessing = 0;
		};
/* End PBXFrameworksBuildPhase section */

/* Begin PBXGroup section */
		D239D0FF1BE1FDFA0081A973 /* File */ = {
			isa = PBXGroup;
			children = (
				D239D1011BE1FE3C0081A973 /* HFFileUtil.m */,
				D239D10A1BE2008A0081A973 /* HFDirectoryUtil.m */,
			);
			path = File;
			sourceTree = "<group>";
		};
		D239D10C1BE209DD0081A973 /* File */ = {
			isa = PBXGroup;
			children = (
				D239D10E1BE209DD0081A973 /* HFFileUtil.h */,
				D239D10D1BE209DD0081A973 /* HFDirectoryUtil.h */,
			);
			path = File;
			sourceTree = "<group>";
		};
		D239D10F1BE209DD0081A973 /* Wanderers */ = {
			isa = PBXGroup;
			children = (
				D239D1101BE209DD0081A973 /* HFAppHelper.h */,
				D239D1111BE209DD0081A973 /* HFDeviceUtil.h */,
				D239D1121BE209DD0081A973 /* HFSystemUtil.h */,
				D292EFAC1BFEF70600D79BF4 /* HFRandomUtil.h */,
			);
			path = Wanderers;
			sourceTree = "<group>";
		};
		D23DB1D81C046D7B00101E04 /* Compress */ = {
			isa = PBXGroup;
			children = (
				D23DB1D91C046D7B00101E04 /* HFCompressHelper.h */,
			);
			path = Compress;
			sourceTree = "<group>";
		};
		D23DB1DA1C046D9C00101E04 /* Compress */ = {
			isa = PBXGroup;
			children = (
				D23DB1DB1C046D9C00101E04 /* HFCompressHelper.m */,
			);
			path = Compress;
			sourceTree = "<group>";
		};
		D23DB1E01C04717500101E04 /* Services */ = {
			isa = PBXGroup;
			children = (
				D23DB1E51C04717500101E04 /* SNS */,
				D23DB1E11C04717500101E04 /* APNS */,
				D23DB1E21C04717500101E04 /* Scatter */,
			);
			path = Services;
			sourceTree = "<group>";
		};
		D23DB1E11C04717500101E04 /* APNS */ = {
			isa = PBXGroup;
			children = (
			);
			path = APNS;
			sourceTree = "<group>";
		};
		D23DB1E21C04717500101E04 /* Scatter */ = {
			isa = PBXGroup;
			children = (
				D23DB1E31C04717500101E04 /* HFANRDetection.h */,
				D23DB1E41C04717500101E04 /* HFNetworkMonitor.h */,
			);
			path = Scatter;
			sourceTree = "<group>";
		};
		D23DB1E51C04717500101E04 /* SNS */ = {
			isa = PBXGroup;
			children = (
			);
			path = SNS;
			sourceTree = "<group>";
		};
		D23DB1E61C0471B300101E04 /* Services */ = {
			isa = PBXGroup;
			children = (
				D23DB1EB1C0471B300101E04 /* SNS */,
				D23DB1E71C0471B300101E04 /* APNS */,
				D23DB1E81C0471B300101E04 /* Scatter */,
			);
			path = Services;
			sourceTree = "<group>";
		};
		D23DB1E71C0471B300101E04 /* APNS */ = {
			isa = PBXGroup;
			children = (
			);
			path = APNS;
			sourceTree = "<group>";
		};
		D23DB1E81C0471B300101E04 /* Scatter */ = {
			isa = PBXGroup;
			children = (
				D23DB1E91C0471B300101E04 /* HFANRDetection.m */,
				D23DB1EA1C0471B300101E04 /* HFNetworkMonitor.m */,
			);
			path = Scatter;
			sourceTree = "<group>";
		};
		D23DB1EB1C0471B300101E04 /* SNS */ = {
			isa = PBXGroup;
			children = (
			);
			path = SNS;
			sourceTree = "<group>";
		};
		D29BDADF1B666C6E006F18B8 = {
			isa = PBXGroup;
			children = (
				D29BDAEA1B666C6E006F18B8 /* HFToolKit */,
				D29BDB051B667171006F18B8 /* Include */,
				D2CB08E71BC8C06D00B7A761 /* Log */,
				D239D0FF1BE1FDFA0081A973 /* File */,
				D2F814E51BE70C1900CF500B /* Http */,
				D2CB08E81BC8C06D00B7A761 /* Security */,
				D23DB1E61C0471B300101E04 /* Services */,
				D23DB1DA1C046D9C00101E04 /* Compress */,
				D2DE60DC1BCBAC0E003A61EB /* Wanderers */,
				D2F815051BE771F900CF500B /* TaskQueue */,
				D29BDAF71B666C6E006F18B8 /* HFToolKitTests */,
				D29BDAE91B666C6E006F18B8 /* Products */,
			);
			sourceTree = "<group>";
		};
		D29BDAE91B666C6E006F18B8 /* Products */ = {
			isa = PBXGroup;
			children = (
				D29BDAE81B666C6E006F18B8 /* libHFToolKit.a */,
				D29BDAF31B666C6E006F18B8 /* HFToolKitTests.xctest */,
			);
			name = Products;
			sourceTree = "<group>";
		};
		D29BDAEA1B666C6E006F18B8 /* HFToolKit */ = {
			isa = PBXGroup;
			children = (
				D29BDAED1B666C6E006F18B8 /* HFToolKit.m */,
				D29BDB021B666D00006F18B8 /* Supporting Files */,
			);
			path = HFToolKit;
			sourceTree = "<group>";
		};
		D29BDAF71B666C6E006F18B8 /* HFToolKitTests */ = {
			isa = PBXGroup;
			children = (
				D29BDAF81B666C6E006F18B8 /* Supporting Files */,
			);
			path = HFToolKitTests;
			sourceTree = "<group>";
		};
		D29BDAF81B666C6E006F18B8 /* Supporting Files */ = {
			isa = PBXGroup;
			children = (
				D29BDAF91B666C6E006F18B8 /* Info.plist */,
			);
			name = "Supporting Files";
			sourceTree = "<group>";
		};
		D29BDB021B666D00006F18B8 /* Supporting Files */ = {
			isa = PBXGroup;
			children = (
				D29BDB031B666D2D006F18B8 /* HFToolKit-Info.plist */,
				D29BDB041B666D93006F18B8 /* HFToolKit-Prefix.pch */,
			);
			name = "Supporting Files";
			sourceTree = "<group>";
		};
		D29BDB051B667171006F18B8 /* Include */ = {
			isa = PBXGroup;
			children = (
				D29BDB061B6671AB006F18B8 /* HFToolKit.h */,
				D2CB09081BC90E0F00B7A761 /* HFCommon.h */,
				D2CB08EA1BC8C09900B7A761 /* Log */,
				D239D10C1BE209DD0081A973 /* File */,
				D2F814E61BE70C3300CF500B /* Http */,
				D2CB08EB1BC8C09900B7A761 /* Security */,
				D23DB1E01C04717500101E04 /* Services */,
				D2CB08E91BC8C09900B7A761 /* Extension */,
				D23DB1D81C046D7B00101E04 /* Compress */,
				D239D10F1BE209DD0081A973 /* Wanderers */,
				D2F815041BE771E100CF500B /* TaskQueue */,
			);
			path = Include;
			sourceTree = "<group>";
		};
		D2CB08E71BC8C06D00B7A761 /* Log */ = {
			isa = PBXGroup;
			children = (
				D2CB08F41BC904F500B7A761 /* LogWriter */,
				D2CB08F11BC8FCD800B7A761 /* HFLogUtil.m */,
				D284D7B51BCD0135003808E2 /* HFInnerLog.h */,
				D2CB08F61BC9050600B7A761 /* HFLogTypes.m */,
			);
			path = Log;
			sourceTree = "<group>";
		};
		D2CB08E81BC8C06D00B7A761 /* Security */ = {
			isa = PBXGroup;
			children = (
				D2142C591BE363FE00F8B8BF /* HFDigestHelper.m */,
				D2534E321BF1F3580001A9F6 /* HFEncodeHelper.m */,
			);
			path = Security;
			sourceTree = "<group>";
		};
		D2CB08E91BC8C09900B7A761 /* Extension */ = {
			isa = PBXGroup;
			children = (
				D2DE60D91BCBA0E6003A61EB /* NSDate+DisplayString.h */,
				D2DE60DA1BCBA0E6003A61EB /* NSDate+DisplayString.m */,
			);
			path = Extension;
			sourceTree = "<group>";
		};
		D2CB08EA1BC8C09900B7A761 /* Log */ = {
			isa = PBXGroup;
			children = (
				D2CB08F81BC9061100B7A761 /* HFLogTypes.h */,
				D2CB08EE1BC8F3B100B7A761 /* HFLogUtil.h */,
			);
			path = Log;
			sourceTree = "<group>";
		};
		D2CB08EB1BC8C09900B7A761 /* Security */ = {
			isa = PBXGroup;
			children = (
				D2142C5B1BE3642000F8B8BF /* HFDigestHelper.h */,
				D2534E341BF1F3780001A9F6 /* HFEncodeHelper.h */,
			);
			path = Security;
			sourceTree = "<group>";
		};
		D2CB08F41BC904F500B7A761 /* LogWriter */ = {
			isa = PBXGroup;
			children = (
				D2CB08FC1BC909C300B7A761 /* HFLogStdOutWriter.h */,
				D2CB08FD1BC909C300B7A761 /* HFLogStdOutWriter.m */,
				D2CB08FF1BC909D300B7A761 /* HFLogFileWriter.h */,
				D2CB09001BC909D300B7A761 /* HFLogFileWriter.m */,
			);
			path = LogWriter;
			sourceTree = "<group>";
		};
		D2DE60DC1BCBAC0E003A61EB /* Wanderers */ = {
			isa = PBXGroup;
			children = (
				D2DE60E41BCBACBE003A61EB /* HFAppHelper.m */,
				D2DE60DE1BCBAC87003A61EB /* HFDeviceUtil.m */,
				D2DE60E11BCBACA1003A61EB /* HFSystemUtil.m */,
				D292EFAA1BFEF6DE00D79BF4 /* HFRandomUtil.m */,
			);
			path = Wanderers;
			sourceTree = "<group>";
		};
		D2F814E51BE70C1900CF500B /* Http */ = {
			isa = PBXGroup;
			children = (
				D287571C1BECA82100FB728F /* HFHttpParam.m */,
				D2F815161BE7730E00CF500B /* HFHttpQueue.m */,
				D21D3DD21BEB004800202FA9 /* HFHttpRequest.m */,
			);
			path = Http;
			sourceTree = "<group>";
		};
		D2F814E61BE70C3300CF500B /* Http */ = {
			isa = PBXGroup;
			children = (
				D21D3DD41BEB038100202FA9 /* HFHttpTypes.h */,
				D28757191BECA80100FB728F /* HFHttpParam.h */,
				D2F815141BE7730000CF500B /* HFHttpQueue.h */,
				D21D3DCF1BEB002F00202FA9 /* HFHttpRequest.h */,
			);
			path = Http;
			sourceTree = "<group>";
		};
		D2F815041BE771E100CF500B /* TaskQueue */ = {
			isa = PBXGroup;
			children = (
				D2F8150C1BE7725600CF500B /* HFTaskBase.h */,
				D2F8150D1BE7725600CF500B /* HFTaskQueue.h */,
			);
			path = TaskQueue;
			sourceTree = "<group>";
		};
		D2F815051BE771F900CF500B /* TaskQueue */ = {
			isa = PBXGroup;
			children = (
				D2F815071BE7722800CF500B /* HFTaskBase.m */,
				D2F8150A1BE7723400CF500B /* HFTaskQueue.m */,
			);
			path = TaskQueue;
			sourceTree = "<group>";
		};
/* End PBXGroup section */

/* Begin PBXNativeTarget section */
		D29BDAE71B666C6E006F18B8 /* HFToolKit */ = {
			isa = PBXNativeTarget;
			buildConfigurationList = D29BDAFC1B666C6E006F18B8 /* Build configuration list for PBXNativeTarget "HFToolKit" */;
			buildPhases = (
				D29BDAE41B666C6E006F18B8 /* Sources */,
				D29BDAE51B666C6E006F18B8 /* Frameworks */,
				D29BDAE61B666C6E006F18B8 /* CopyFiles */,
			);
			buildRules = (
			);
			dependencies = (
			);
			name = HFToolKit;
			productName = HFToolKit;
			productReference = D29BDAE81B666C6E006F18B8 /* libHFToolKit.a */;
			productType = "com.apple.product-type.library.static";
		};
		D29BDAF21B666C6E006F18B8 /* HFToolKitTests */ = {
			isa = PBXNativeTarget;
			buildConfigurationList = D29BDAFF1B666C6E006F18B8 /* Build configuration list for PBXNativeTarget "HFToolKitTests" */;
			buildPhases = (
				D29BDAEF1B666C6E006F18B8 /* Sources */,
				D29BDAF01B666C6E006F18B8 /* Frameworks */,
				D29BDAF11B666C6E006F18B8 /* Resources */,
			);
			buildRules = (
			);
			dependencies = (
				D29BDAF61B666C6E006F18B8 /* PBXTargetDependency */,
			);
			name = HFToolKitTests;
			productName = HFToolKitTests;
			productReference = D29BDAF31B666C6E006F18B8 /* HFToolKitTests.xctest */;
			productType = "com.apple.product-type.bundle.unit-test";
		};
/* End PBXNativeTarget section */

/* Begin PBXProject section */
		D29BDAE01B666C6E006F18B8 /* Project object */ = {
			isa = PBXProject;
			attributes = {
				CLASSPREFIX = HF;
				LastUpgradeCheck = 0640;
				ORGANIZATIONNAME = crazylhf;
				TargetAttributes = {
					D29BDAE71B666C6E006F18B8 = {
						CreatedOnToolsVersion = 6.4;
					};
					D29BDAF21B666C6E006F18B8 = {
						CreatedOnToolsVersion = 6.4;
					};
				};
			};
			buildConfigurationList = D29BDAE31B666C6E006F18B8 /* Build configuration list for PBXProject "HFToolKit" */;
			compatibilityVersion = "Xcode 3.2";
			developmentRegion = English;
			hasScannedForEncodings = 0;
			knownRegions = (
				en,
			);
			mainGroup = D29BDADF1B666C6E006F18B8;
			productRefGroup = D29BDAE91B666C6E006F18B8 /* Products */;
			projectDirPath = "";
			projectRoot = "";
			targets = (
				D29BDAE71B666C6E006F18B8 /* HFToolKit */,
				D29BDAF21B666C6E006F18B8 /* HFToolKitTests */,
			);
		};
/* End PBXProject section */

/* Begin PBXResourcesBuildPhase section */
		D29BDAF11B666C6E006F18B8 /* Resources */ = {
			isa = PBXResourcesBuildPhase;
			buildActionMask = 2147483647;
			files = (
			);
			runOnlyForDeploymentPostprocessing = 0;
		};
/* End PBXResourcesBuildPhase section */

/* Begin PBXSourcesBuildPhase section */
		D29BDAE41B666C6E006F18B8 /* Sources */ = {
			isa = PBXSourcesBuildPhase;
			buildActionMask = 2147483647;
			files = (
				D2F8150B1BE7723400CF500B /* HFTaskQueue.m in Sources */,
				D2DE60DF1BCBAC87003A61EB /* HFDeviceUtil.m in Sources */,
				D2CB08F71BC9050600B7A761 /* HFLogTypes.m in Sources */,
				D287571D1BECA82100FB728F /* HFHttpParam.m in Sources */,
				D2DE60E51BCBACBE003A61EB /* HFAppHelper.m in Sources */,
				D21D3DD31BEB004800202FA9 /* HFHttpRequest.m in Sources */,
				D2DE60E21BCBACA1003A61EB /* HFSystemUtil.m in Sources */,
				D2F815081BE7722800CF500B /* HFTaskBase.m in Sources */,
				D2CB08F21BC8FCD800B7A761 /* HFLogUtil.m in Sources */,
				D23DB1EC1C0471B300101E04 /* HFANRDetection.m in Sources */,
				D239D1021BE1FE3C0081A973 /* HFFileUtil.m in Sources */,
				D23DB1DC1C046D9C00101E04 /* HFCompressHelper.m in Sources */,
				D29BDAEE1B666C6E006F18B8 /* HFToolKit.m in Sources */,
				D2CB08FE1BC909C300B7A761 /* HFLogStdOutWriter.m in Sources */,
				D239D10B1BE2008A0081A973 /* HFDirectoryUtil.m in Sources */,
				D2DE60DB1BCBA0E6003A61EB /* NSDate+DisplayString.m in Sources */,
				D292EFAB1BFEF6DE00D79BF4 /* HFRandomUtil.m in Sources */,
				D2F815181BE7730E00CF500B /* HFHttpQueue.m in Sources */,
				D2534E331BF1F3580001A9F6 /* HFEncodeHelper.m in Sources */,
				D2CB09011BC909D300B7A761 /* HFLogFileWriter.m in Sources */,
				D2142C5A1BE363FE00F8B8BF /* HFDigestHelper.m in Sources */,
				D23DB1ED1C0471B300101E04 /* HFNetworkMonitor.m in Sources */,
			);
			runOnlyForDeploymentPostprocessing = 0;
		};
		D29BDAEF1B666C6E006F18B8 /* Sources */ = {
			isa = PBXSourcesBuildPhase;
			buildActionMask = 2147483647;
			files = (
			);
			runOnlyForDeploymentPostprocessing = 0;
		};
/* End PBXSourcesBuildPhase section */

/* Begin PBXTargetDependency section */
		D29BDAF61B666C6E006F18B8 /* PBXTargetDependency */ = {
			isa = PBXTargetDependency;
			target = D29BDAE71B666C6E006F18B8 /* HFToolKit */;
			targetProxy = D29BDAF51B666C6E006F18B8 /* PBXContainerItemProxy */;
		};
/* End PBXTargetDependency section */

/* Begin XCBuildConfiguration section */
		D29BDAFA1B666C6E006F18B8 /* Debug */ = {
			isa = XCBuildConfiguration;
			buildSettings = {
				ALWAYS_SEARCH_USER_PATHS = NO;
				CLANG_CXX_LANGUAGE_STANDARD = "gnu++0x";
				CLANG_CXX_LIBRARY = "libc++";
				CLANG_ENABLE_MODULES = YES;
				CLANG_ENABLE_OBJC_ARC = YES;
				CLANG_WARN_BOOL_CONVERSION = YES;
				CLANG_WARN_CONSTANT_CONVERSION = YES;
				CLANG_WARN_DIRECT_OBJC_ISA_USAGE = YES_ERROR;
				CLANG_WARN_EMPTY_BODY = YES;
				CLANG_WARN_ENUM_CONVERSION = YES;
				CLANG_WARN_INT_CONVERSION = YES;
				CLANG_WARN_OBJC_ROOT_CLASS = YES_ERROR;
				CLANG_WARN_UNREACHABLE_CODE = YES;
				CLANG_WARN__DUPLICATE_METHOD_MATCH = YES;
				COPY_PHASE_STRIP = NO;
				DEBUG_INFORMATION_FORMAT = "dwarf-with-dsym";
				ENABLE_STRICT_OBJC_MSGSEND = YES;
				GCC_C_LANGUAGE_STANDARD = gnu99;
				GCC_DYNAMIC_NO_PIC = NO;
				GCC_NO_COMMON_BLOCKS = YES;
				GCC_OPTIMIZATION_LEVEL = 0;
				GCC_PRECOMPILE_PREFIX_HEADER = YES;
				GCC_PREFIX_HEADER = "HFToolKit/HFToolKit-Prefix.pch";
				GCC_PREPROCESSOR_DEFINITIONS = (
					"DEBUG=1",
					"$(inherited)",
				);
				GCC_SYMBOLS_PRIVATE_EXTERN = NO;
				GCC_WARN_64_TO_32_BIT_CONVERSION = YES;
				GCC_WARN_ABOUT_RETURN_TYPE = YES_ERROR;
				GCC_WARN_UNDECLARED_SELECTOR = YES;
				GCC_WARN_UNINITIALIZED_AUTOS = YES_AGGRESSIVE;
				GCC_WARN_UNUSED_FUNCTION = YES;
				GCC_WARN_UNUSED_VARIABLE = YES;
				IPHONEOS_DEPLOYMENT_TARGET = 6.0;
				MTL_ENABLE_DEBUG_INFO = YES;
				ONLY_ACTIVE_ARCH = YES;
				SDKROOT = iphoneos;
			};
			name = Debug;
		};
		D29BDAFB1B666C6E006F18B8 /* Release */ = {
			isa = XCBuildConfiguration;
			buildSettings = {
				ALWAYS_SEARCH_USER_PATHS = NO;
				CLANG_CXX_LANGUAGE_STANDARD = "gnu++0x";
				CLANG_CXX_LIBRARY = "libc++";
				CLANG_ENABLE_MODULES = YES;
				CLANG_ENABLE_OBJC_ARC = YES;
				CLANG_WARN_BOOL_CONVERSION = YES;
				CLANG_WARN_CONSTANT_CONVERSION = YES;
				CLANG_WARN_DIRECT_OBJC_ISA_USAGE = YES_ERROR;
				CLANG_WARN_EMPTY_BODY = YES;
				CLANG_WARN_ENUM_CONVERSION = YES;
				CLANG_WARN_INT_CONVERSION = YES;
				CLANG_WARN_OBJC_ROOT_CLASS = YES_ERROR;
				CLANG_WARN_UNREACHABLE_CODE = YES;
				CLANG_WARN__DUPLICATE_METHOD_MATCH = YES;
				COPY_PHASE_STRIP = NO;
				DEBUG_INFORMATION_FORMAT = "dwarf-with-dsym";
				ENABLE_NS_ASSERTIONS = NO;
				ENABLE_STRICT_OBJC_MSGSEND = YES;
				GCC_C_LANGUAGE_STANDARD = gnu99;
				GCC_NO_COMMON_BLOCKS = YES;
				GCC_PRECOMPILE_PREFIX_HEADER = YES;
				GCC_PREFIX_HEADER = "HFToolKit/HFToolKit-Prefix.pch";
				GCC_WARN_64_TO_32_BIT_CONVERSION = YES;
				GCC_WARN_ABOUT_RETURN_TYPE = YES_ERROR;
				GCC_WARN_UNDECLARED_SELECTOR = YES;
				GCC_WARN_UNINITIALIZED_AUTOS = YES_AGGRESSIVE;
				GCC_WARN_UNUSED_FUNCTION = YES;
				GCC_WARN_UNUSED_VARIABLE = YES;
				IPHONEOS_DEPLOYMENT_TARGET = 6.0;
				MTL_ENABLE_DEBUG_INFO = NO;
				SDKROOT = iphoneos;
				VALIDATE_PRODUCT = YES;
			};
			name = Release;
		};
		D29BDAFD1B666C6E006F18B8 /* Debug */ = {
			isa = XCBuildConfiguration;
			buildSettings = {
				OTHER_LDFLAGS = "-ObjC";
				PRODUCT_NAME = "$(TARGET_NAME)";
				SKIP_INSTALL = YES;
			};
			name = Debug;
		};
		D29BDAFE1B666C6E006F18B8 /* Release */ = {
			isa = XCBuildConfiguration;
			buildSettings = {
				OTHER_LDFLAGS = "-ObjC";
				PRODUCT_NAME = "$(TARGET_NAME)";
				SKIP_INSTALL = YES;
			};
			name = Release;
		};
		D29BDB001B666C6E006F18B8 /* Debug */ = {
			isa = XCBuildConfiguration;
			buildSettings = {
				"CODE_SIGN_IDENTITY[sdk=iphoneos*]" = "iPhone Developer";
				FRAMEWORK_SEARCH_PATHS = (
					"$(SDKROOT)/Developer/Library/Frameworks",
					"$(inherited)",
				);
				GCC_PREPROCESSOR_DEFINITIONS = (
					"DEBUG=1",
					"$(inherited)",
				);
				INFOPLIST_FILE = HFToolKitTests/Info.plist;
				LD_RUNPATH_SEARCH_PATHS = "$(inherited) @executable_path/Frameworks @loader_path/Frameworks";
				PRODUCT_NAME = "$(TARGET_NAME)";
			};
			name = Debug;
		};
		D29BDB011B666C6E006F18B8 /* Release */ = {
			isa = XCBuildConfiguration;
			buildSettings = {
				"CODE_SIGN_IDENTITY[sdk=iphoneos*]" = "iPhone Developer";
				FRAMEWORK_SEARCH_PATHS = (
					"$(SDKROOT)/Developer/Library/Frameworks",
					"$(inherited)",
				);
				INFOPLIST_FILE = HFToolKitTests/Info.plist;
				LD_RUNPATH_SEARCH_PATHS = "$(inherited) @executable_path/Frameworks @loader_path/Frameworks";
				PRODUCT_NAME = "$(TARGET_NAME)";
			};
			name = Release;
		};
/* End XCBuildConfiguration section */

/* Begin XCConfigurationList section */
		D29BDAE31B666C6E006F18B8 /* Build configuration list for PBXProject "HFToolKit" */ = {
			isa = XCConfigurationList;
			buildConfigurations = (
				D29BDAFA1B666C6E006F18B8 /* Debug */,
				D29BDAFB1B666C6E006F18B8 /* Release */,
			);
			defaultConfigurationIsVisible = 0;
			defaultConfigurationName = Release;
		};
		D29BDAFC1B666C6E006F18B8 /* Build configuration list for PBXNativeTarget "HFToolKit" */ = {
			isa = XCConfigurationList;
			buildConfigurations = (
				D29BDAFD1B666C6E006F18B8 /* Debug */,
				D29BDAFE1B666C6E006F18B8 /* Release */,
			);
			defaultConfigurationIsVisible = 0;
			defaultConfigurationName = Release;
		};
		D29BDAFF1B666C6E006F18B8 /* Build configuration list for PBXNativeTarget "HFToolKitTests" */ = {
			isa = XCConfigurationList;
			buildConfigurations = (
				D29BDB001B666C6E006F18B8 /* Debug */,
				D29BDB011B666C6E006F18B8 /* Release */,
			);
			defaultConfigurationIsVisible = 0;
			defaultConfigurationName = Release;
		};
/* End XCConfigurationList section */
	};
	rootObject = D29BDAE01B666C6E006F18B8 /* Project object */;
}
